# This file was autogenerated by Stack.
# You should not edit this file by hand.
# For more information, please see the documentation at:
#   https://docs.haskellstack.org/en/stable/lock_files

packages:
- completed:
    hackage: persistent-migration-0.3.0@sha256:1b28e22c2eeff694eed6835299b3a80104772d5d2262e6dbfa5c47d9e7594f59,3433
    pantry-tree:
      sha256: dca2b30b726ac3ee8e5a556fe78f50c1714d3d8bf9c02b66f645de60b221f3b9
      size: 1619
  original:
    hackage: persistent-migration-0.3.0
- completed:
    hackage: package-version-0.3@sha256:10bc5fcdf4d34e288cf24fafc59d5ddc454d8af2a00d2ddb77e1f5fae9261ae8,2919
    pantry-tree:
      sha256: c7077c06e7b79a939d00774034a356b334fb5208878970c14ac765df9f317601
      size: 1041
  original:
    hackage: package-version-0.3
- completed:
    hackage: servant-0.20@sha256:cb4547b8a7f1346740057e376a84b37cf0cc54d6d1a1419d982c7b335b6ba205,5624
    pantry-tree:
      sha256: 68bb5bccfa057fc513c0dc68fe20da17085c08c953efd6a92eda0820c96da11c
      size: 2873
  original:
    hackage: servant-0.20
- completed:
    hackage: servant-auth-server-0.4.8.0@sha256:b9137bebf5ca56e4fd20402680e71f5734a6f511f0464e8eff6577aa9947ce35,5521
    pantry-tree:
      sha256: dc2c8e68f97211e1545dae2dd922b15062481903610aa5868dc3aa5df1f8f2b6
      size: 1376
  original:
    hackage: servant-auth-server-0.4.8.0
- completed:
    hackage: servant-auth-swagger-0.2.10.2@sha256:3be316edeb4ae5c347307179cff5cf891443adc7cc311483b06ee8ee089a98ac,2909
    pantry-tree:
      sha256: 5ec856db04a95512ba08117f1a8671c5f527dd16cb7aeffae55fd8e9f8a714e4
      size: 408
  original:
    hackage: servant-auth-swagger-0.2.10.2
- completed:
    hackage: servant-client-0.20@sha256:061397528394fdb4f5138a32623b5300966b83906992b4c08183636f6d0672af,4911
    pantry-tree:
      sha256: a8c15042337b999551ac0f2d34acdeb8df55c9dde092fd62a15a8795a59b64f4
      size: 1435
  original:
    hackage: servant-client-0.20
- completed:
    hackage: servant-client-core-0.20@sha256:740040e4c187d491332f57598a22fffa9d936ae08d9789f5d0651b2d86556f5a,3817
    pantry-tree:
      sha256: e55bfc005777755917d1bc28346490199a71690dfc5556566c6d2d401638a513
      size: 1446
  original:
    hackage: servant-client-core-0.20
- completed:
    hackage: servant-server-0.20@sha256:1bb179f028b0b2b28222f04bd589f9fbc6f855194e73a7cbc692e097f3b30574,5739
    pantry-tree:
      sha256: 8ae235fc825018111ecfeb74fe63753010ed4585a1fc391422b8083ce3ba3ae8
      size: 2615
  original:
    hackage: servant-server-0.20
- completed:
    hackage: servant-swagger-1.2@sha256:094dbd5179b046b68550bc1147ed350d2c3643f1d15cfc4dfa564384562a44d0,4790
    pantry-tree:
      sha256: d28e951da2284ca34123a7b5335102baae2e7ea4d5ad4598c23c516fc6350a02
      size: 1636
  original:
    hackage: servant-swagger-1.2
- completed:
    commit: 56841f3e43a88d899745f85bec0907c3e7dea17c
    git: ssh://git@github.com/bank-manager/servant-tools.git
    name: servant-tools
    pantry-tree:
      sha256: e2d2f81935c4e62d671e121adf5b1562294fb841685fdf4d96b9798bdc554b86
      size: 783
    version: 0.1.0.0
  original:
    commit: 56841f3e43a88d899745f85bec0907c3e7dea17c
    git: ssh://git@github.com/bank-manager/servant-tools.git
- completed:
    commit: 9463126599ffefc15c690e8f11a523c535122d64
    git: ssh://git@github.com/bank-manager/tier-config.git
    name: tier-config
    pantry-tree:
      sha256: 53fd07357ce7affa31f84e41f3a10ed05b5276b77735145f9df1991e47a22c14
      size: 891
    version: 0.1.0.1
  original:
    commit: 9463126599ffefc15c690e8f11a523c535122d64
    git: ssh://git@github.com/bank-manager/tier-config.git
- completed:
    commit: bbec570dc92147ec821432dd61aa7a3f6a6133b5
    git: ssh://git@github.com/bank-manager/user-service.git
    name: user-service-client
    pantry-tree:
      sha256: 26e06894fe0e3a213ecd92a2d879aff5ba5a97de04efb53e796c2eb010e16bdb
      size: 277
    subdir: user-service-client
    version: 0.2.1.7
  original:
    commit: bbec570dc92147ec821432dd61aa7a3f6a6133b5
    git: ssh://git@github.com/bank-manager/user-service.git
    subdir: user-service-client
- completed:
    commit: bbec570dc92147ec821432dd61aa7a3f6a6133b5
    git: ssh://git@github.com/bank-manager/user-service.git
    name: user-service-schema
    pantry-tree:
      sha256: a2402d3e346b477d9af9d55fa092ba2545823d053e388bc72d69c209caf0e53a
      size: 326
    subdir: user-service-schema
    version: 0.2.1.7
  original:
    commit: bbec570dc92147ec821432dd61aa7a3f6a6133b5
    git: ssh://git@github.com/bank-manager/user-service.git
    subdir: user-service-schema
- completed:
    commit: 89872a5dbfc3ddd906c479452444a375d04ac39c
    git: ssh://git@github.com/bank-manager/bank-auth-service.git
    name: bank-auth-service-client
    pantry-tree:
      sha256: a3979e0f2ae3d9c6335eb0f0e7240e42fbfd0e43412d83aa50ec1b311490fa0f
      size: 206
    subdir: bank-auth-service-client
    version: 0.0.1.0
  original:
    commit: 89872a5dbfc3ddd906c479452444a375d04ac39c
    git: ssh://git@github.com/bank-manager/bank-auth-service.git
    subdir: bank-auth-service-client
- completed:
    commit: 89872a5dbfc3ddd906c479452444a375d04ac39c
    git: ssh://git@github.com/bank-manager/bank-auth-service.git
    name: bank-auth-service-schema
    pantry-tree:
      sha256: ac591490b9a4c61f3a570c80da98ae6e4f82c65f53bed446abbe22f7a7263086
      size: 1040
    subdir: bank-auth-service-schema
    version: 0.0.1.0
  original:
    commit: 89872a5dbfc3ddd906c479452444a375d04ac39c
    git: ssh://git@github.com/bank-manager/bank-auth-service.git
    subdir: bank-auth-service-schema
- completed:
    commit: 348ff0e99df85c4360d6ac95d1690a585f87ecbe
    git: ssh://git@github.com/bank-manager/truelayer.git
    name: truelayer
    pantry-tree:
      sha256: c0bd72612616cd16441381cc574da3e123c62586ad2eb695ebc7058822ba9845
      size: 1136
    version: 0.1.2.0
  original:
    commit: 348ff0e99df85c4360d6ac95d1690a585f87ecbe
    git: ssh://git@github.com/bank-manager/truelayer.git
snapshots:
- completed:
    sha256: 1207ed83b4b29f2ed346cf329a5357aefba5ec47fe087b0583a4482da9fc4892
    size: 1015
    url: https://raw.githubusercontent.com/bank-manager/stack-snapshots/main/lts/21/7/3.yaml
  original:
    url: https://raw.githubusercontent.com/bank-manager/stack-snapshots/main/lts/21/7/3.yaml
- completed:
    sha256: 23bb9bb355bfdb1635252e120a29b712f0d5e8a6c6a65c5ab5bd6692f46c438e
    size: 640457
    url: https://raw.githubusercontent.com/commercialhaskell/stackage-snapshots/master/lts/21/7.yaml
  original:
    url: https://raw.githubusercontent.com/commercialhaskell/stackage-snapshots/master/lts/21/7.yaml
