# This file was autogenerated by Stack.
# You should not edit this file by hand.
# For more information, please see the documentation at:
#   https://docs.haskellstack.org/en/stable/lock_files

packages:
- completed:
    hackage: persistent-migration-0.3.0@sha256:1b28e22c2eeff694eed6835299b3a80104772d5d2262e6dbfa5c47d9e7594f59,3433
    pantry-tree:
      sha256: dca2b30b726ac3ee8e5a556fe78f50c1714d3d8bf9c02b66f645de60b221f3b9
      size: 1619
  original:
    hackage: persistent-migration-0.3.0
- completed:
    hackage: package-version-0.1.0.0@sha256:bb9fc93e905540aa8e1b32f80c2dc82756a4481c63779bd92e3796ed8085ab98,2854
    pantry-tree:
      sha256: 8e33ac2f8d2db754cf11d1439fa970dbf14c6756746426ba89f54a7183a9d2d7
      size: 981
  original:
    hackage: package-version-0.1.0.0
- completed:
    commit: f5ddc63199197ecf55e6f82f1465a29a1f26bc7d
    git: https://github.com/bank-manager/servant.git
    name: servant
    pantry-tree:
      sha256: 095e5d1c2e6ad2dd0827fed50eeef8c0d6b0679a610abe8a953141b676f8c4da
      size: 2950
    subdir: servant
    version: '0.19'
  original:
    commit: f5ddc63199197ecf55e6f82f1465a29a1f26bc7d
    git: https://github.com/bank-manager/servant.git
    subdir: servant
- completed:
    commit: f5ddc63199197ecf55e6f82f1465a29a1f26bc7d
    git: https://github.com/bank-manager/servant.git
    name: servant-swagger
    pantry-tree:
      sha256: 6200c70f3999e4d70b79e55965b7719f914faf526924f61f0a9a5c21ed168722
      size: 1636
    subdir: servant-swagger
    version: 1.1.11
  original:
    commit: f5ddc63199197ecf55e6f82f1465a29a1f26bc7d
    git: https://github.com/bank-manager/servant.git
    subdir: servant-swagger
- completed:
    commit: f5ddc63199197ecf55e6f82f1465a29a1f26bc7d
    git: https://github.com/bank-manager/servant.git
    name: servant-server
    pantry-tree:
      sha256: 2f0df25ed677c6f08aaf1499eec2c82830aedbbe19564d7356ed77cbd49ceeed
      size: 2727
    subdir: servant-server
    version: 0.19.1
  original:
    commit: f5ddc63199197ecf55e6f82f1465a29a1f26bc7d
    git: https://github.com/bank-manager/servant.git
    subdir: servant-server
- completed:
    commit: f5ddc63199197ecf55e6f82f1465a29a1f26bc7d
    git: https://github.com/bank-manager/servant.git
    name: servant-client
    pantry-tree:
      sha256: c37445bd27aa2f7234b3c5ef73533b0952b979f005d38ca5ebfc8230e2712f92
      size: 1481
    subdir: servant-client
    version: '0.19'
  original:
    commit: f5ddc63199197ecf55e6f82f1465a29a1f26bc7d
    git: https://github.com/bank-manager/servant.git
    subdir: servant-client
- completed:
    commit: f5ddc63199197ecf55e6f82f1465a29a1f26bc7d
    git: https://github.com/bank-manager/servant.git
    name: servant-client-core
    pantry-tree:
      sha256: add75436a800cf82d52d60babf18d0b3a528a72326c5fd7789a5011199dde944
      size: 1446
    subdir: servant-client-core
    version: '0.19'
  original:
    commit: f5ddc63199197ecf55e6f82f1465a29a1f26bc7d
    git: https://github.com/bank-manager/servant.git
    subdir: servant-client-core
- completed:
    commit: f5ddc63199197ecf55e6f82f1465a29a1f26bc7d
    git: https://github.com/bank-manager/servant.git
    name: servant-auth-swagger
    pantry-tree:
      sha256: 17e0e06cb3598a2870d29597fea0bd433bd59f6faa4e8632f7537c835e6d25b2
      size: 451
    subdir: servant-auth/servant-auth-swagger
    version: 0.2.10.1
  original:
    commit: f5ddc63199197ecf55e6f82f1465a29a1f26bc7d
    git: https://github.com/bank-manager/servant.git
    subdir: servant-auth/servant-auth-swagger
- completed:
    commit: f5ddc63199197ecf55e6f82f1465a29a1f26bc7d
    git: https://github.com/bank-manager/servant.git
    name: servant-auth-server
    pantry-tree:
      sha256: 50a16ff98a185db3aadfae05873996a8e7baefbc0338cb15eafa0be8f8414073
      size: 1469
    subdir: servant-auth/servant-auth-server
    version: 0.4.7.0
  original:
    commit: f5ddc63199197ecf55e6f82f1465a29a1f26bc7d
    git: https://github.com/bank-manager/servant.git
    subdir: servant-auth/servant-auth-server
- completed:
    commit: f5ddc63199197ecf55e6f82f1465a29a1f26bc7d
    git: https://github.com/bank-manager/servant.git
    name: servant-auth-client
    pantry-tree:
      sha256: 6b4b6ba6e9a396eddc573d707412ce7422ad22ead99f91078bc6069034016a63
      size: 523
    subdir: servant-auth/servant-auth-client
    version: 0.4.1.0
  original:
    commit: f5ddc63199197ecf55e6f82f1465a29a1f26bc7d
    git: https://github.com/bank-manager/servant.git
    subdir: servant-auth/servant-auth-client
- completed:
    commit: f5ddc63199197ecf55e6f82f1465a29a1f26bc7d
    git: https://github.com/bank-manager/servant.git
    name: servant-auth
    pantry-tree:
      sha256: 1bf99e8eac26c8300a132d47dee816b7c4dbe8ef4b74213a316a61c103def651
      size: 426
    subdir: servant-auth/servant-auth
    version: 0.4.1.0
  original:
    commit: f5ddc63199197ecf55e6f82f1465a29a1f26bc7d
    git: https://github.com/bank-manager/servant.git
    subdir: servant-auth/servant-auth
- completed:
    commit: 56841f3e43a88d899745f85bec0907c3e7dea17c
    git: ssh://git@github.com/bank-manager/servant-tools.git
    name: servant-tools
    pantry-tree:
      sha256: e2d2f81935c4e62d671e121adf5b1562294fb841685fdf4d96b9798bdc554b86
      size: 783
    version: 0.1.0.0
  original:
    commit: 56841f3e43a88d899745f85bec0907c3e7dea17c
    git: ssh://git@github.com/bank-manager/servant-tools.git
- completed:
    commit: 8798aea911f7169f9a4013f94dc694b1c1f235a0
    git: ssh://git@github.com/bank-manager/user-service.git
    name: user-service-client
    pantry-tree:
      sha256: 7eb9ed9a4244317c682ccbde551ab80f77b7ef3e62b16c71152203231af5a672
      size: 277
    subdir: user-service-client
    version: 0.2.1.5
  original:
    commit: 8798aea911f7169f9a4013f94dc694b1c1f235a0
    git: ssh://git@github.com/bank-manager/user-service.git
    subdir: user-service-client
- completed:
    commit: 8798aea911f7169f9a4013f94dc694b1c1f235a0
    git: ssh://git@github.com/bank-manager/user-service.git
    name: user-service-schema
    pantry-tree:
      sha256: 0561f8a5f52860a78a264818e1064d16fff599ec67d269d5e54283c6112b2446
      size: 326
    subdir: user-service-schema
    version: 0.2.1.5
  original:
    commit: 8798aea911f7169f9a4013f94dc694b1c1f235a0
    git: ssh://git@github.com/bank-manager/user-service.git
    subdir: user-service-schema
snapshots:
- completed:
    sha256: adfaedc2cce86abf4102454c465fdab67bccdae35a61dec0ad341791008f50db
    size: 825
    url: https://raw.githubusercontent.com/bank-manager/stack-snapshots/main/lts/18/28-10.yaml
  original:
    url: https://raw.githubusercontent.com/bank-manager/stack-snapshots/main/lts/18/28-10.yaml
- completed:
    sha256: 428ec8d5ce932190d3cbe266b9eb3c175cd81e984babf876b64019e2cbe4ea68
    size: 590100
    url: https://raw.githubusercontent.com/commercialhaskell/stackage-snapshots/master/lts/18/28.yaml
  original:
    url: https://raw.githubusercontent.com/commercialhaskell/stackage-snapshots/master/lts/18/28.yaml
